
Microsoft Visual Studio Solution File, Format Version 12.00
# Visual Studio Version 17
VisualStudioVersion = 17.8.34525.116
MinimumVisualStudioVersion = 10.0.40219.1
Project("{FAE04EC0-301F-11D3-BF4B-00C04F79EFBC}") = "InvalidLoginInput_sendingIncorrectLogin_ returnError", "InvalidLoginInput_sendingIncorrectLogin_ returnError\InvalidLoginInput_sendingIncorrectLogin_ returnError.csproj", "{6BC60789-22B6-407A-825D-98915A7214EE}"
EndProject
Global
	GlobalSection(SolutionConfigurationPlatforms) = preSolution
		Debug|Any CPU = Debug|Any CPU
		Release|Any CPU = Release|Any CPU
	EndGlobalSection
	GlobalSection(ProjectConfigurationPlatforms) = postSolution
		{6BC60789-22B6-407A-825D-98915A7214EE}.Debug|Any CPU.ActiveCfg = Debug|Any CPU
		{6BC60789-22B6-407A-825D-98915A7214EE}.Debug|Any CPU.Build.0 = Debug|Any CPU
		{6BC60789-22B6-407A-825D-98915A7214EE}.Release|Any CPU.ActiveCfg = Release|Any CPU
		{6BC60789-22B6-407A-825D-98915A7214EE}.Release|Any CPU.Build.0 = Release|Any CPU
	EndGlobalSection
	GlobalSection(SolutionProperties) = preSolution
		HideSolutionNode = FALSE
	EndGlobalSection
	GlobalSection(ExtensibilityGlobals) = postSolution
		SolutionGuid = {8294DBA7-9DEE-4165-A851-3F2A16874D0F}
	EndGlobalSection
EndGlobal
